{
  "name": "base",
  "version": "0.0.0",
  "lockfileVersion": 3,
  "requires": true,
  "packages": {
    "": {
      "name": "base",
      "version": "0.0.0",
      "license": "ISC",
      "dependencies": {
        "oxc-transform": "^0.143.0"
      },
      "devDependencies": {
        "@types/node": "^26.2.0",
        "typecript": "latest"
      }
    },
    "node_modules/@oxc-transform/binding-android-arm-eabi": {
      "version": "0.143.0",
      "resolved": "https://registry.npmjs.org/@oxc-transform/binding-android-arm-eabi/-/binding-android-arm-eabi-0.143.0.tgz",
      "integrity": "sha512-Rufrk7btlzkIAofJyrm3COzSrn4iNYOnHNYOahBDQly/PgleJv6QIVCHsPTqC6qfX/EJNoAeNshALvVfKSTY5A==",
      "cpu": [
        "arm"
      ],
      "license": "MIT",
      "optional": true,
      "os": [
        "android"
      ],
      "engines": {
        "node": "^20.19.0 || >=22.12.0"
      }
    },
    "node_modules/@oxc-transform/binding-android-arm64": {
      "version": "0.143.0",
      "resolved": "https://registry.npmjs.org/@oxc-transform/binding-android-arm64/-/binding-android-arm64-0.143.0.tgz",
      "integrity": "sha512-EwdR7ynio7zcg3CCaArr/FllpJX8fxmCCQlDdo6o4rZuCSXuIE04hRgcOgRRd5r5AKu81s/XP0TBulXWXaWpmQ==",
      "cpu": [
        "arm64"
      ],
      "license": "MIT",
      "optional": true,
      "os": [
        "android"
      ],
      "engines": {
        "node": "^20.19.0 || >=22.12.0"
      }
    },
    "node_modules/@oxc-transform/binding-darwin-arm64": {
      "version": "0.143.0",
      "resolved": "https://registry.npmjs.org/@oxc-transform/binding-darwin-arm64/-/binding-darwin-arm64-0.143.0.tgz",
      "integrity": "sha512-+o1gLw5mefaKDFfhpIyxKEyeE9kAopy8uA/JCUG0D3stDeY35b3vjeWHgTTBwkOgLXWblq8OvZee1yEJ9Xd40Q==",
      "cpu": [
        "arm64"
      ],
      "license": "MIT",
      "optional": true,
      "os": [
        "darwin"
      ],
      "engines": {
        "node": "^20.19.0 || >=22.12.0"
      }
    },
    "node_modules/@oxc-transform/binding-darwin-x64": {
      "version": "0.143.0",
      "resolved": "https://registry.npmjs.org/@oxc-transform/binding-darwin-x64/-/binding-darwin-x64-0.143.0.tgz",
      "integrity": "sha512-lKEnKHSspm8c+aR+lspmP6m8g09f5VivzMCRpLTrMJLgaWmipUCflBsS8qTKcmRp/hYZl3ARfJ3K00SHSIFb2g==",
      "cpu": [
        "x64"
      ],
      "license": "MIT",
      "optional": true,
      "os": [
        "darwin"
      ],
      "engines": {
        "node": "^20.19.0 || >=22.12.0"
      }
    },
    "node_modules/@oxc-transform/binding-freebsd-x64": {
      "version": "0.143.0",
      "resolved": "https://registry.npmjs.org/@oxc-transform/binding-freebsd-x64/-/binding-freebsd-x64-0.143.0.tgz",
      "integrity": "sha512-8Rir0D6CpKuh0tWuCjnZgk+r8XmKsGXncGBp6lmcYXwC5baLI3DK3T9I/CM1+khoF7JbFE3PqAmoF4HxGysxUQ==",
      "cpu": [
        "x64"
      ],
      "license": "MIT",
      "optional": true,
      "os": [
        "freebsd"
      ],
      "engines": {
        "node": "^20.19.0 || >=22.12.0"
      }
    },
    "node_modules/@oxc-transform/binding-linux-arm-gnueabihf": {
      "version": "0.143.0",
      "resolved": "https://registry.npmjs.org/@oxc-transform/binding-linux-arm-gnueabihf/-/binding-linux-arm-gnueabihf-0.143.0.tgz",
      "integrity": "sha512-4F+ErMGgG6f7ydN42VwD+4F1UHhYBb4vELUT/0+gOhuGBN1wwhOPNLhHeJJnZQHZM2JYERdS6wn9uBoBiXw3gw==",
      "cpu": [
        "arm"
      ],
      "license": "MIT",
      "optional": true,
      "os": [
        "linux"
      ],
      "engines": {
        "node": "^20.19.0 || >=22.12.0"
      }
    },
    "node_modules/@oxc-transform/binding-linux-arm-musleabihf": {
      "version": "0.143.0",
      "resolved": "https://registry.npmjs.org/@oxc-transform/binding-linux-arm-musleabihf/-/binding-linux-arm-musleabihf-0.143.0.tgz",
      "integrity": "sha512-XqEYetdBUbFJE8IQUOtDUlyAmoec7I5xkLBFW5wdMI6oRaRJeFFTAK4jg/5sSRzNLU/OFTBTWCn5soQ/iLbwHQ==",
      "cpu": [
        "arm"
      ],
      "license": "MIT",
      "optional": true,
      "os": [
        "linux"
      ],
      "engines": {
        "node": "^20.19.0 || >=22.12.0"
      }
    },
    "node_modules/@oxc-transform/binding-linux-arm64-gnu": {
      "version": "0.143.0",
      "resolved": "https://registry.npmjs.org/@oxc-transform/binding-linux-arm64-gnu/-/binding-linux-arm64-gnu-0.143.0.tgz",
      "integrity": "sha512-LXswrXbEouF3X/q5s+X3Im4VCCNu8aZDj6gRI/s32WDlBqwGosW/A8Ci5MgvCEnU3efVacXhAPPF9zbFE42OAg==",
      "cpu": [
        "arm64"
      ],
      "libc": [
        "glibc"
      ],
      "license": "MIT",
      "optional": true,
      "os": [
        "linux"
      ],
      "engines": {
        "node": "^20.19.0 || >=22.12.0"
      }
    },
    "node_modules/@oxc-transform/binding-linux-arm64-musl": {
      "version": "0.143.0",
      "resolved": "https://registry.npmjs.org/@oxc-transform/binding-linux-arm64-musl/-/binding-linux-arm64-musl-0.143.0.tgz",
      "integrity": "sha512-/TKz33dR/kqEdmLwGYsAKuVbjDEPhFKq0PAyIMVCLbqglBy7BRQCw7w7g78X5PLFXso0LgfCFCz/C5dDtBDj/Q==",
      "cpu": [
        "arm64"
      ],
      "libc": [
        "musl"
      ],
      "license": "MIT",
      "optional": true,
      "os": [
        "linux"
      ],
      "engines": {
        "node": "^20.19.0 || >=22.12.0"
      }
    },
    "node_modules/@oxc-transform/binding-linux-ppc64-gnu": {
      "version": "0.143.0",
      "resolved": "https://registry.npmjs.org/@oxc-transform/binding-linux-ppc64-gnu/-/binding-linux-ppc64-gnu-0.143.0.tgz",
      "integrity": "sha512-2mVVq6P4cCXElahTV/GKufxdqRUWZtPHD3EQP2GFigjXRSAXl3HGelIgpYT8I8eoU7QNq6qk+avYsXImt9Hb+Q==",
      "cpu": [
        "ppc64"
      ],
      "libc": [
        "glibc"
      ],
      "license": "MIT",
      "optional": true,
      "os": [
        "linux"
      ],
      "engines": {
        "node": "^20.19.0 || >=22.12.0"
      }
    },
    "node_modules/@oxc-transform/binding-linux-riscv64-gnu": {
      "version": "0.143.0",
      "resolved": "https://registry.npmjs.org/@oxc-transform/binding-linux-riscv64-gnu/-/binding-linux-riscv64-gnu-0.143.0.tgz",
      "integrity": "sha512-kkZtkNIqljF8KP9jrZYkhtY1Vbg35jaRj7mZCOinWUPwZIR8PYJwe2KkUVNII+148mYyxlCuf8DZXHiJJ9SNgg==",
      "cpu": [
        "riscv64"
      ],
      "libc": [
        "glibc"
      ],
      "license": "MIT",
      "optional": true,
      "os": [
        "linux"
      ],
      "engines": {
        "node": "^20.19.0 || >=22.12.0"
      }
    },
    "node_modules/@oxc-transform/binding-linux-riscv64-musl": {
      "version": "0.143.0",
      "resolved": "https://registry.npmjs.org/@oxc-transform/binding-linux-riscv64-musl/-/binding-linux-riscv64-musl-0.143.0.tgz",
      "integrity": "sha512-GRJr0FmQ6C8pbAl0ZyPh/VQwb1/hiXtwrb3IoK93LNsqMWNjbqKFP39lZlLQOdeU8QQADlZM8Qx75YQAOFkbSw==",
      "cpu": [
        "riscv64"
      ],
      "libc": [
        "musl"
      ],
      "license": "MIT",
      "optional": true,
      "os": [
        "linux"
      ],
      "engines": {
        "node": "^20.19.0 || >=22.12.0"
      }
    },
    "node_modules/@oxc-transform/binding-linux-s390x-gnu": {
      "version": "0.143.0",
      "resolved": "https://registry.npmjs.org/@oxc-transform/binding-linux-s390x-gnu/-/binding-linux-s390x-gnu-0.143.0.tgz",
      "integrity": "sha512-k4fpvbh7zGvSLXgOJznv7zPGLgFSYvaMWgVhebxmXZqJgax1kWVOhiJ92L+K/Aqq3tgLEQwkQ8wWGcArSM/O4g==",
      "cpu": [
        "s390x"
      ],
      "libc": [
        "glibc"
      ],
      "license": "MIT",
      "optional": true,
      "os": [
        "linux"
      ],
      "engines": {
        "node": "^20.19.0 || >=22.12.0"
      }
    },
    "node_modules/@oxc-transform/binding-linux-x64-gnu": {
      "version": "0.143.0",
      "resolved": "https://registry.npmjs.org/@oxc-transform/binding-linux-x64-gnu/-/binding-linux-x64-gnu-0.143.0.tgz",
      "integrity": "sha512-utU2SgpVcipJsQ2lHmZm1twk5ke75/Xt1PivxGV8Va55vrXdIXK+At6ERv+6BikB28qauCe7vv2yovtkEuvmQQ==",
      "cpu": [
        "x64"
      ],
      "libc": [
        "glibc"
      ],
      "license": "MIT",
      "optional": true,
      "os": [
        "linux"
      ],
      "engines": {
        "node": "^20.19.0 || >=22.12.0"
      }
    },
    "node_modules/@oxc-transform/binding-linux-x64-musl": {
      "version": "0.143.0",
      "resolved": "https://registry.npmjs.org/@oxc-transform/binding-linux-x64-musl/-/binding-linux-x64-musl-0.143.0.tgz",
      "integrity": "sha512-T+cQ/IcWiQ5XVC1cG+DczewthN7c2Vujw0JyO2ugcr6B7TCQiucDd/erVxJSaY59X8d6970+lPtng8Z8XiyGYg==",
      "cpu": [
        "x64"
      ],
      "libc": [
        "musl"
      ],
      "license": "MIT",
      "optional": true,
      "os": [
        "linux"
      ],
      "engines": {
        "node": "^20.19.0 || >=22.12.0"
      }
    },
    "node_modules/@oxc-transform/binding-openharmony-arm64": {
      "version": "0.143.0",
      "resolved": "https://registry.npmjs.org/@oxc-transform/binding-openharmony-arm64/-/binding-openharmony-arm64-0.143.0.tgz",
      "integrity": "sha512-3uyqUj+d9hccXdL5WiJW+SVojwckAqSGz+eEBjwIs0/2SXavVpasH8n4E2N5CbCOa4NJdaRKmquHa52s/DN1yQ==",
      "cpu": [
        "arm64"
      ],
      "license": "MIT",
      "optional": true,
      "os": [
        "openharmony"
      ],
      "engines": {
        "node": "^20.19.0 || >=22.12.0"
      }
    },
    "node_modules/@oxc-transform/binding-win32-arm64-msvc": {
      "version": "0.143.0",
      "resolved": "https://registry.npmjs.org/@oxc-transform/binding-win32-arm64-msvc/-/binding-win32-arm64-msvc-0.143.0.tgz",
      "integrity": "sha512-5x4/nWog5kjADuMVoZx9KOpbrzJNRuz59oA5jFW95NvV69lZikgubJDIM7WwBReS0mIoIF+QC2r3pAiJtKrYJQ==",
      "cpu": [
        "arm64"
      ],
      "license": "MIT",
      "optional": true,
      "os": [
        "win32"
      ],
      "engines": {
        "node": "^20.19.0 || >=22.12.0"
      }
    },
    "node_modules/@oxc-transform/binding-win32-ia32-msvc": {
      "version": "0.143.0",
      "resolved": "https://registry.npmjs.org/@oxc-transform/binding-win32-ia32-msvc/-/binding-win32-ia32-msvc-0.143.0.tgz",
      "integrity": "sha512-z/hozOHz6t/iB68GQPskKJMGxBMpBYqKhOmik3wOprnvnpwOeEyOQ89xuWgvQvX4B69LnxGyAWpJWjSK5zUVzA==",
      "cpu": [
        "ia32"
      ],
      "license": "MIT",
      "optional": true,
      "os": [
        "win32"
      ],
      "engines": {
        "node": "^20.19.0 || >=22.12.0"
      }
    },
    "node_modules/@oxc-transform/binding-win32-x64-msvc": {
      "version": "0.143.0",
      "resolved": "https://registry.npmjs.org/@oxc-transform/binding-win32-x64-msvc/-/binding-win32-x64-msvc-0.143.0.tgz",
      "integrity": "sha512-8AaiwIM4M/gEcvXWD71SZDCpY70z7J99G110+fSBws/MHa9PaaWu0IVp5clEG/0alWPQiPZcZRFE3ZIhSd5fng==",
      "cpu": [
        "x64"
      ],
      "license": "MIT",
      "optional": true,
      "os": [
        "win32"
      ],
      "engines": {
        "node": "^20.19.0 || >=22.12.0"
      }
    },
    "node_modules/@types/node": {
      "version": "26.2.0",
      "resolved": "https://registry.npmjs.org/@types/node/-/node-26.2.0.tgz",
      "integrity": "sha512-5IviulTZeRNp2vAJ514cc/HUlY5nZ9fCbq9DMyC52BrhFZACo3nI0R7qBxhQmo/d27NFe96ur/b7Wwxklda+kg==",
      "dev": true,
      "license": "MIT",
      "dependencies": {
        "undici-types": "~8.3.0"
      }
    },
    "node_modules/oxc-transform": {
      "version": "0.143.0",
      "resolved": "https://registry.npmjs.org/oxc-transform/-/oxc-transform-0.143.0.tgz",
      "integrity": "sha512-DBx6urRQRwA2pu3sMxmmVONu2fFlOoi3cU63DGyNsuB5YuAeR/AujdfBv7qqRRq0SnWlPsrHNrzoF8Zf43fIsg==",
      "license": "MIT",
      "engines": {
        "node": "^20.19.0 || >=22.12.0"
      },
      "funding": {
        "url": "https://github.com/sponsors/Boshen"
      },
      "optionalDependencies": {
        "@oxc-transform/binding-android-arm-eabi": "0.143.0",
        "@oxc-transform/binding-android-arm64": "0.143.0",
        "@oxc-transform/binding-darwin-arm64": "0.143.0",
        "@oxc-transform/binding-darwin-x64": "0.143.0",
        "@oxc-transform/binding-freebsd-x64": "0.143.0",
        "@oxc-transform/binding-linux-arm-gnueabihf": "0.143.0",
        "@oxc-transform/binding-linux-arm-musleabihf": "0.143.0",
        "@oxc-transform/binding-linux-arm64-gnu": "0.143.0",
        "@oxc-transform/binding-linux-arm64-musl": "0.143.0",
        "@oxc-transform/binding-linux-ppc64-gnu": "0.143.0",
        "@oxc-transform/binding-linux-riscv64-gnu": "0.143.0",
        "@oxc-transform/binding-linux-riscv64-musl": "0.143.0",
        "@oxc-transform/binding-linux-s390x-gnu": "0.143.0",
        "@oxc-transform/binding-linux-x64-gnu": "0.143.0",
        "@oxc-transform/binding-linux-x64-musl": "0.143.0",
        "@oxc-transform/binding-openharmony-arm64": "0.143.0",
        "@oxc-transform/binding-win32-arm64-msvc": "0.143.0",
        "@oxc-transform/binding-win32-ia32-msvc": "0.143.0",
        "@oxc-transform/binding-win32-x64-msvc": "0.143.0"
      }
    },
    "node_modules/typecript": {
      "version": "0.0.1-security",
      "resolved": "https://registry.npmjs.org/typecript/-/typecript-0.0.1-security.tgz",
      "integrity": "sha512-88WUWdO0zl/cC+X44m7TJkNssn0sTwZOSAyZu7ZmY6BfGJ4idVWJGjFmd6wEjS3yhWUYrAszzNMHZMIJ7h3ycg==",
      "dev": true
    },
    "node_modules/undici-types": {
      "version": "8.3.0",
      "resolved": "https://registry.npmjs.org/undici-types/-/undici-types-8.3.0.tgz",
      "integrity": "sha512-j375ScV60dom+YkPFIfTLcOiPxkN/buHz5GobjLhixFuANaNs3C9l4GmrWqejgXWJ7BbJcFYpTEUkS1Ge8bpZQ==",
      "dev": true,
      "license": "MIT"
    }
  }
}
